<?xml version="1.0" encoding="utf-8"?>
<Project ToolsVersion="4.0" xmlns="http://schemas.microsoft.com/developer/msbuild/2003">
  <ItemGroup>
    <Filter Include="Source Files">
      <UniqueIdentifier>{4FC737F1-C7A5-4376-A066-2A32D752A2FF}</UniqueIdentifier>
      <Extensions>cpp;c;cc;cxx;def;odl;idl;hpj;bat;asm;asmx</Extensions>
    </Filter>
    <Filter Include="Header Files">
      <UniqueIdentifier>{93995380-89BD-4b04-88EB-625FBE52EBFB}</UniqueIdentifier>
      <Extensions>h;hh;hpp;hxx;hm;inl;inc;ipp;xsd</Extensions>
    </Filter>
    <Filter Include="Resource Files">
      <UniqueIdentifier>{67DA6AB6-F800-4c08-8B7A-83BB121AAD01}</UniqueIdentifier>
      <Extensions>rc;ico;cur;bmp;dlg;rc2;rct;bin;rgs;gif;jpg;jpeg;jpe;resx;tiff;tif;png;wav;mfcribbon-ms</Extensions>
    </Filter>
  </ItemGroup>
  <ItemGroup>
    <ClCompile Include="Main.cpp">
      <Filter>Source Files</Filter>
    </ClCompile>
    <ClCompile Include="menu.cpp">
      <Filter>Source Files</Filter>
    </ClCompile>
    <ClCompile Include="menusetting.cpp">
      <Filter>Source Files</Filter>
    </ClCompile>
    <ClCompile Include="charts.cpp">
      <Filter>Source Files</Filter>
    </ClCompile>
  </ItemGroup>
  <ItemGroup>
    <ClInclude Include="menu.h">
      <Filter>Header Files</Filter>
    </ClInclude>
    <ClInclude Include="menusetting.h">
      <Filter>Header Files</Filter>
    </ClInclude>
    <ClInclude Include="charts.h">
      <Filter>Header Files</Filter>
    </ClInclude>
  </ItemGroup>
  <ItemGroup>
    <ClInclude Include="globals.h">
      <Filter>Header Files</Filter>
    </ClInclude>
  </ItemGroup>
  <ItemGroup>
    <Font Include="Resources\Montserrat-Black.ttf">
      <Filter>Resource Files</Filter>
    </Font>
    <Font Include="Resources\Montserrat-BlackItalic.ttf">
      <Filter>Resource Files</Filter>
    </Font>
    <Font Include="Resources\Montserrat-Bold.ttf">
      <Filter>Resource Files</Filter>
    </Font>
    <Font Include="Resources\Montserrat-BoldItalic.ttf">
      <Filter>Resource Files</Filter>
    </Font>
    <Font Include="Resources\Montserrat-ExtraBold.ttf">
      <Filter>Resource Files</Filter>
    </Font>
    <Font Include="Resources\Montserrat-ExtraBoldItalic.ttf">
      <Filter>Resource Files</Filter>
    </Font>
    <Font Include="Resources\Montserrat-ExtraLight.ttf">
      <Filter>Resource Files</Filter>
    </Font>
    <Font Include="Resources\Montserrat-ExtraLightItalic.ttf">
      <Filter>Resource Files</Filter>
    </Font>
    <Font Include="Resources\Montserrat-Italic.ttf">
      <Filter>Resource Files</Filter>
    </Font>
    <Font Include="Resources\Montserrat-Light.ttf">
      <Filter>Resource Files</Filter>
    </Font>
    <Font Include="Resources\Montserrat-LightItalic.ttf">
      <Filter>Resource Files</Filter>
    </Font>
    <Font Include="Resources\Montserrat-Medium.ttf">
      <Filter>Resource Files</Filter>
    </Font>
    <Font Include="Resources\Montserrat-MediumItalic.ttf">
      <Filter>Resource Files</Filter>
    </Font>
    <Font Include="Resources\Montserrat-Regular.ttf">
      <Filter>Resource Files</Filter>
    </Font>
    <Font Include="Resources\Montserrat-SemiBold.ttf">
      <Filter>Resource Files</Filter>
    </Font>
    <Font Include="Resources\Montserrat-SemiBoldItalic.ttf">
      <Filter>Resource Files</Filter>
    </Font>
    <Font Include="Resources\Montserrat-Thin.ttf">
      <Filter>Resource Files</Filter>
    </Font>
    <Font Include="Resources\Montserrat-ThinItalic.ttf">
      <Filter>Resource Files</Filter>
    </Font>
  </ItemGroup>
  <ItemGroup>
    <Image Include="Resources\next.png">
      <Filter>Resource Files</Filter>
    </Image>
  </ItemGroup>
  <ItemGroup>
    <None Include="userinfo.dat">
      <Filter>Source Files</Filter>
    </None>
  </ItemGroup>
</Project>